
Microsoft Visual Studio Solution File, Format Version 10.00
# Visual C++ Express 2008
Project("{8BC9CEB8-8B4A-11D0-8D11-00A0C91BC942}") = "MkCore", "Project\MkCore\MkCore.vcproj", "{095EB475-D5C1-414E-A4DC-9A44F2101C4D}"
EndProject
Project("{8BC9CEB8-8B4A-11D0-8D11-00A0C91BC942}") = "Test", "Sample\MkRender\Test\Test.vcproj", "{0B5AA43D-73F6-4144-952D-A791D188BE48}"
	ProjectSection(ProjectDependencies) = postProject
		{095EB475-D5C1-414E-A4DC-9A44F2101C4D} = {095EB475-D5C1-414E-A4DC-9A44F2101C4D}
		{0AF13191-E38E-4EEA-AAA8-2915D9FA75CA} = {0AF13191-E38E-4EEA-AAA8-2915D9FA75CA}
	EndProjectSection
EndProject
Project("{8BC9CEB8-8B4A-11D0-8D11-00A0C91BC942}") = "MkS2D", "Project\MkS2D\MkS2D.vcproj", "{0AF13191-E38E-4EEA-AAA8-2915D9FA75CA}"
	ProjectSection(ProjectDependencies) = postProject
		{095EB475-D5C1-414E-A4DC-9A44F2101C4D} = {095EB475-D5C1-414E-A4DC-9A44F2101C4D}
	EndProjectSection
EndProject
Project("{8BC9CEB8-8B4A-11D0-8D11-00A0C91BC942}") = "MkDataNodeConverter", "Tool\MkDataNodeConverter\MkDataNodeConverter.vcproj", "{EFE95CDC-8F69-413E-BCA5-6277F375E751}"
	ProjectSection(ProjectDependencies) = postProject
		{095EB475-D5C1-414E-A4DC-9A44F2101C4D} = {095EB475-D5C1-414E-A4DC-9A44F2101C4D}
	EndProjectSection
EndProject
Project("{8BC9CEB8-8B4A-11D0-8D11-00A0C91BC942}") = "DataNodeConsole", "Sample\MkCore\DataNodeConsole\DataNodeConsole.vcproj", "{629DC2E4-61A3-41A3-9CAE-7357A719AD09}"
	ProjectSection(ProjectDependencies) = postProject
		{095EB475-D5C1-414E-A4DC-9A44F2101C4D} = {095EB475-D5C1-414E-A4DC-9A44F2101C4D}
	EndProjectSection
EndProject
Project("{8BC9CEB8-8B4A-11D0-8D11-00A0C91BC942}") = "MkFilePacker", "Tool\MkFilePacker\MkFilePacker.vcproj", "{6C91CA08-CB17-4E39-BFB1-69DFB06E46C9}"
	ProjectSection(ProjectDependencies) = postProject
		{095EB475-D5C1-414E-A4DC-9A44F2101C4D} = {095EB475-D5C1-414E-A4DC-9A44F2101C4D}
	EndProjectSection
EndProject
Project("{8BC9CEB8-8B4A-11D0-8D11-00A0C91BC942}") = "MkChunkNavigator", "Tool\MkChunkNavigator\MkChunkNavigator.vcproj", "{846235E2-BD4C-4DB6-A531-AB2356336A79}"
	ProjectSection(ProjectDependencies) = postProject
		{095EB475-D5C1-414E-A4DC-9A44F2101C4D} = {095EB475-D5C1-414E-A4DC-9A44F2101C4D}
	EndProjectSection
EndProject
Project("{8BC9CEB8-8B4A-11D0-8D11-00A0C91BC942}") = "HashMapProfiler", "Sample\MkCore\HashMapProfiler\HashMapProfiler.vcproj", "{184210EC-EB62-441A-8ECF-25FDA39E4D2C}"
	ProjectSection(ProjectDependencies) = postProject
		{095EB475-D5C1-414E-A4DC-9A44F2101C4D} = {095EB475-D5C1-414E-A4DC-9A44F2101C4D}
	EndProjectSection
EndProject
Project("{8BC9CEB8-8B4A-11D0-8D11-00A0C91BC942}") = "EmptyWin32Project", "Sample\MkCore\EmptyWin32Project\EmptyWin32Project.vcproj", "{B8460AC5-CD76-4FD3-A36F-029ECB03ECBD}"
	ProjectSection(ProjectDependencies) = postProject
		{095EB475-D5C1-414E-A4DC-9A44F2101C4D} = {095EB475-D5C1-414E-A4DC-9A44F2101C4D}
	EndProjectSection
EndProject
Project("{8BC9CEB8-8B4A-11D0-8D11-00A0C91BC942}") = "MyLovelyMagic", "Application\MyLovelyMagic\MyLovelyMagic.vcproj", "{94503554-20DE-47C8-8F2E-3A98CCE30FEC}"
	ProjectSection(ProjectDependencies) = postProject
		{095EB475-D5C1-414E-A4DC-9A44F2101C4D} = {095EB475-D5C1-414E-A4DC-9A44F2101C4D}
		{0AF13191-E38E-4EEA-AAA8-2915D9FA75CA} = {0AF13191-E38E-4EEA-AAA8-2915D9FA75CA}
	EndProjectSection
EndProject
Project("{8BC9CEB8-8B4A-11D0-8D11-00A0C91BC942}") = "App_01", "Application\App_01\App_01.vcproj", "{45C59712-D692-4E0A-8985-006F452B19B7}"
	ProjectSection(ProjectDependencies) = postProject
		{095EB475-D5C1-414E-A4DC-9A44F2101C4D} = {095EB475-D5C1-414E-A4DC-9A44F2101C4D}
		{0AF13191-E38E-4EEA-AAA8-2915D9FA75CA} = {0AF13191-E38E-4EEA-AAA8-2915D9FA75CA}
	EndProjectSection
EndProject
Global
	GlobalSection(SolutionConfigurationPlatforms) = preSolution
		Debug|Win32 = Debug|Win32
		Release|Win32 = Release|Win32
		Shipping|Win32 = Shipping|Win32
	EndGlobalSection
	GlobalSection(ProjectConfigurationPlatforms) = postSolution
		{095EB475-D5C1-414E-A4DC-9A44F2101C4D}.Debug|Win32.ActiveCfg = Debug|Win32
		{095EB475-D5C1-414E-A4DC-9A44F2101C4D}.Debug|Win32.Build.0 = Debug|Win32
		{095EB475-D5C1-414E-A4DC-9A44F2101C4D}.Release|Win32.ActiveCfg = Release|Win32
		{095EB475-D5C1-414E-A4DC-9A44F2101C4D}.Release|Win32.Build.0 = Release|Win32
		{095EB475-D5C1-414E-A4DC-9A44F2101C4D}.Shipping|Win32.ActiveCfg = Shipping|Win32
		{095EB475-D5C1-414E-A4DC-9A44F2101C4D}.Shipping|Win32.Build.0 = Shipping|Win32
		{0B5AA43D-73F6-4144-952D-A791D188BE48}.Debug|Win32.ActiveCfg = Debug|Win32
		{0B5AA43D-73F6-4144-952D-A791D188BE48}.Debug|Win32.Build.0 = Debug|Win32
		{0B5AA43D-73F6-4144-952D-A791D188BE48}.Release|Win32.ActiveCfg = Release|Win32
		{0B5AA43D-73F6-4144-952D-A791D188BE48}.Release|Win32.Build.0 = Release|Win32
		{0B5AA43D-73F6-4144-952D-A791D188BE48}.Shipping|Win32.ActiveCfg = Release|Win32
		{0B5AA43D-73F6-4144-952D-A791D188BE48}.Shipping|Win32.Build.0 = Release|Win32
		{0AF13191-E38E-4EEA-AAA8-2915D9FA75CA}.Debug|Win32.ActiveCfg = Debug|Win32
		{0AF13191-E38E-4EEA-AAA8-2915D9FA75CA}.Debug|Win32.Build.0 = Debug|Win32
		{0AF13191-E38E-4EEA-AAA8-2915D9FA75CA}.Release|Win32.ActiveCfg = Release|Win32
		{0AF13191-E38E-4EEA-AAA8-2915D9FA75CA}.Release|Win32.Build.0 = Release|Win32
		{0AF13191-E38E-4EEA-AAA8-2915D9FA75CA}.Shipping|Win32.ActiveCfg = Shipping|Win32
		{0AF13191-E38E-4EEA-AAA8-2915D9FA75CA}.Shipping|Win32.Build.0 = Shipping|Win32
		{EFE95CDC-8F69-413E-BCA5-6277F375E751}.Debug|Win32.ActiveCfg = Debug|Win32
		{EFE95CDC-8F69-413E-BCA5-6277F375E751}.Debug|Win32.Build.0 = Debug|Win32
		{EFE95CDC-8F69-413E-BCA5-6277F375E751}.Release|Win32.ActiveCfg = Release|Win32
		{EFE95CDC-8F69-413E-BCA5-6277F375E751}.Release|Win32.Build.0 = Release|Win32
		{EFE95CDC-8F69-413E-BCA5-6277F375E751}.Shipping|Win32.ActiveCfg = Shipping|Win32
		{EFE95CDC-8F69-413E-BCA5-6277F375E751}.Shipping|Win32.Build.0 = Shipping|Win32
		{629DC2E4-61A3-41A3-9CAE-7357A719AD09}.Debug|Win32.ActiveCfg = Debug|Win32
		{629DC2E4-61A3-41A3-9CAE-7357A719AD09}.Debug|Win32.Build.0 = Debug|Win32
		{629DC2E4-61A3-41A3-9CAE-7357A719AD09}.Release|Win32.ActiveCfg = Release|Win32
		{629DC2E4-61A3-41A3-9CAE-7357A719AD09}.Release|Win32.Build.0 = Release|Win32
		{629DC2E4-61A3-41A3-9CAE-7357A719AD09}.Shipping|Win32.ActiveCfg = Shipping|Win32
		{629DC2E4-61A3-41A3-9CAE-7357A719AD09}.Shipping|Win32.Build.0 = Shipping|Win32
		{6C91CA08-CB17-4E39-BFB1-69DFB06E46C9}.Debug|Win32.ActiveCfg = Debug|Win32
		{6C91CA08-CB17-4E39-BFB1-69DFB06E46C9}.Debug|Win32.Build.0 = Debug|Win32
		{6C91CA08-CB17-4E39-BFB1-69DFB06E46C9}.Release|Win32.ActiveCfg = Release|Win32
		{6C91CA08-CB17-4E39-BFB1-69DFB06E46C9}.Release|Win32.Build.0 = Release|Win32
		{6C91CA08-CB17-4E39-BFB1-69DFB06E46C9}.Shipping|Win32.ActiveCfg = Shipping|Win32
		{6C91CA08-CB17-4E39-BFB1-69DFB06E46C9}.Shipping|Win32.Build.0 = Shipping|Win32
		{846235E2-BD4C-4DB6-A531-AB2356336A79}.Debug|Win32.ActiveCfg = Debug|Win32
		{846235E2-BD4C-4DB6-A531-AB2356336A79}.Debug|Win32.Build.0 = Debug|Win32
		{846235E2-BD4C-4DB6-A531-AB2356336A79}.Release|Win32.ActiveCfg = Release|Win32
		{846235E2-BD4C-4DB6-A531-AB2356336A79}.Release|Win32.Build.0 = Release|Win32
		{846235E2-BD4C-4DB6-A531-AB2356336A79}.Shipping|Win32.ActiveCfg = Shipping|Win32
		{846235E2-BD4C-4DB6-A531-AB2356336A79}.Shipping|Win32.Build.0 = Shipping|Win32
		{184210EC-EB62-441A-8ECF-25FDA39E4D2C}.Debug|Win32.ActiveCfg = Debug|Win32
		{184210EC-EB62-441A-8ECF-25FDA39E4D2C}.Debug|Win32.Build.0 = Debug|Win32
		{184210EC-EB62-441A-8ECF-25FDA39E4D2C}.Release|Win32.ActiveCfg = Release|Win32
		{184210EC-EB62-441A-8ECF-25FDA39E4D2C}.Release|Win32.Build.0 = Release|Win32
		{184210EC-EB62-441A-8ECF-25FDA39E4D2C}.Shipping|Win32.ActiveCfg = Release|Win32
		{184210EC-EB62-441A-8ECF-25FDA39E4D2C}.Shipping|Win32.Build.0 = Release|Win32
		{B8460AC5-CD76-4FD3-A36F-029ECB03ECBD}.Debug|Win32.ActiveCfg = Debug|Win32
		{B8460AC5-CD76-4FD3-A36F-029ECB03ECBD}.Debug|Win32.Build.0 = Debug|Win32
		{B8460AC5-CD76-4FD3-A36F-029ECB03ECBD}.Release|Win32.ActiveCfg = Release|Win32
		{B8460AC5-CD76-4FD3-A36F-029ECB03ECBD}.Release|Win32.Build.0 = Release|Win32
		{B8460AC5-CD76-4FD3-A36F-029ECB03ECBD}.Shipping|Win32.ActiveCfg = Shipping|Win32
		{B8460AC5-CD76-4FD3-A36F-029ECB03ECBD}.Shipping|Win32.Build.0 = Shipping|Win32
		{94503554-20DE-47C8-8F2E-3A98CCE30FEC}.Debug|Win32.ActiveCfg = Debug|Win32
		{94503554-20DE-47C8-8F2E-3A98CCE30FEC}.Debug|Win32.Build.0 = Debug|Win32
		{94503554-20DE-47C8-8F2E-3A98CCE30FEC}.Release|Win32.ActiveCfg = Release|Win32
		{94503554-20DE-47C8-8F2E-3A98CCE30FEC}.Release|Win32.Build.0 = Release|Win32
		{94503554-20DE-47C8-8F2E-3A98CCE30FEC}.Shipping|Win32.ActiveCfg = Shipping|Win32
		{94503554-20DE-47C8-8F2E-3A98CCE30FEC}.Shipping|Win32.Build.0 = Shipping|Win32
		{45C59712-D692-4E0A-8985-006F452B19B7}.Debug|Win32.ActiveCfg = Debug|Win32
		{45C59712-D692-4E0A-8985-006F452B19B7}.Debug|Win32.Build.0 = Debug|Win32
		{45C59712-D692-4E0A-8985-006F452B19B7}.Release|Win32.ActiveCfg = Release|Win32
		{45C59712-D692-4E0A-8985-006F452B19B7}.Release|Win32.Build.0 = Release|Win32
		{45C59712-D692-4E0A-8985-006F452B19B7}.Shipping|Win32.ActiveCfg = Shipping|Win32
		{45C59712-D692-4E0A-8985-006F452B19B7}.Shipping|Win32.Build.0 = Shipping|Win32
	EndGlobalSection
	GlobalSection(SolutionProperties) = preSolution
		HideSolutionNode = FALSE
	EndGlobalSection
	GlobalSection(NestedProjects) = preSolution
		{095EB475-D5C1-414E-A4DC-9A44F2101C4D} = {4486E5DE-F9B3-4B8A-AC3C-F6BE7DC32D58}
		{757F138E-4EA9-40F5-8175-2082BB978474} = {CA3E4218-94E7-4E6A-B60E-C35C58604D34}
		{5E63CB46-959B-457C-9715-A173BE9F0A8E} = {CA3E4218-94E7-4E6A-B60E-C35C58604D34}
		{B8460AC5-CD76-4FD3-A36F-029ECB03ECBD} = {757F138E-4EA9-40F5-8175-2082BB978474}
		{705F97A1-E1CF-4A07-AFD7-082D7273D655} = {0E9C8C4E-169D-40AD-A585-9FA5C752463F}
		{CF68A079-CF37-4ABC-A51D-FB2FB767BD11} = {5E63CB46-959B-457C-9715-A173BE9F0A8E}
		{7CE50E74-43FB-40BE-8763-A3FFB2AC0017} = {5E63CB46-959B-457C-9715-A173BE9F0A8E}
		{0B5AA43D-73F6-4144-952D-A791D188BE48} = {5E63CB46-959B-457C-9715-A173BE9F0A8E}
	EndGlobalSection
EndGlobal
