
Microsoft Visual Studio Solution File, Format Version 10.00
# Visual Studio 2008
Project("{8BC9CEB8-8B4A-11D0-8D11-00A0C91BC942}") = "MkCore", "Project\MkCore\MkCore.vcproj", "{095EB475-D5C1-414E-A4DC-9A44F2101C4D}"
EndProject
Project("{8BC9CEB8-8B4A-11D0-8D11-00A0C91BC942}") = "Test", "Sample\MkRender\Test\Test.vcproj", "{0B5AA43D-73F6-4144-952D-A791D188BE48}"
	ProjectSection(ProjectDependencies) = postProject
		{30698B24-B6FC-4B2B-AE5E-EAA17B645DFC} = {30698B24-B6FC-4B2B-AE5E-EAA17B645DFC}
		{095EB475-D5C1-414E-A4DC-9A44F2101C4D} = {095EB475-D5C1-414E-A4DC-9A44F2101C4D}
	EndProjectSection
EndProject
Project("{8BC9CEB8-8B4A-11D0-8D11-00A0C91BC942}") = "MkFilePacker", "Tool\MkFilePacker\MkFilePacker.vcproj", "{6C91CA08-CB17-4E39-BFB1-69DFB06E46C9}"
	ProjectSection(ProjectDependencies) = postProject
		{095EB475-D5C1-414E-A4DC-9A44F2101C4D} = {095EB475-D5C1-414E-A4DC-9A44F2101C4D}
	EndProjectSection
EndProject
Project("{8BC9CEB8-8B4A-11D0-8D11-00A0C91BC942}") = "MkChunkNavigator", "Tool\MkChunkNavigator\MkChunkNavigator.vcproj", "{846235E2-BD4C-4DB6-A531-AB2356336A79}"
	ProjectSection(ProjectDependencies) = postProject
		{095EB475-D5C1-414E-A4DC-9A44F2101C4D} = {095EB475-D5C1-414E-A4DC-9A44F2101C4D}
	EndProjectSection
EndProject
Project("{8BC9CEB8-8B4A-11D0-8D11-00A0C91BC942}") = "MkPanelArt", "Project\MkPanelArt\MkPanelArt.vcproj", "{30698B24-B6FC-4B2B-AE5E-EAA17B645DFC}"
	ProjectSection(ProjectDependencies) = postProject
		{095EB475-D5C1-414E-A4DC-9A44F2101C4D} = {095EB475-D5C1-414E-A4DC-9A44F2101C4D}
	EndProjectSection
EndProject
Project("{8BC9CEB8-8B4A-11D0-8D11-00A0C91BC942}") = "SimplePatchFileGenerator", "Tool\SimplePatchFileGenerator\SimplePatchFileGenerator.vcproj", "{3DD24E4A-467C-4A19-A54A-DBD17E4324A3}"
	ProjectSection(ProjectDependencies) = postProject
		{095EB475-D5C1-414E-A4DC-9A44F2101C4D} = {095EB475-D5C1-414E-A4DC-9A44F2101C4D}
	EndProjectSection
EndProject
Project("{8BC9CEB8-8B4A-11D0-8D11-00A0C91BC942}") = "SimpleLauncher", "Tool\SimpleLauncher\SimpleLauncher.vcproj", "{7B4C97D5-792E-4709-A738-05E7FAA298D8}"
	ProjectSection(ProjectDependencies) = postProject
		{095EB475-D5C1-414E-A4DC-9A44F2101C4D} = {095EB475-D5C1-414E-A4DC-9A44F2101C4D}
	EndProjectSection
EndProject
Project("{8BC9CEB8-8B4A-11D0-8D11-00A0C91BC942}") = "Starter", "Tool\Starter\Starter.vcproj", "{7FAA0F57-E34D-4509-9DC8-A0D3B1EAC4B6}"
	ProjectSection(ProjectDependencies) = postProject
		{095EB475-D5C1-414E-A4DC-9A44F2101C4D} = {095EB475-D5C1-414E-A4DC-9A44F2101C4D}
	EndProjectSection
EndProject
Project("{8BC9CEB8-8B4A-11D0-8D11-00A0C91BC942}") = "KuntaraLauncher", "Tool\KuntaraLauncher\KuntaraLauncher.vcproj", "{F60E0E9A-688D-41C8-8AF8-15D5FD9D5969}"
	ProjectSection(ProjectDependencies) = postProject
		{095EB475-D5C1-414E-A4DC-9A44F2101C4D} = {095EB475-D5C1-414E-A4DC-9A44F2101C4D}
	EndProjectSection
EndProject
Project("{8BC9CEB8-8B4A-11D0-8D11-00A0C91BC942}") = "Uninstall", "Tool\Uninstall\Uninstall.vcproj", "{CFFD2ABB-15C2-47F6-8121-45DEDF6C1D0D}"
	ProjectSection(ProjectDependencies) = postProject
		{095EB475-D5C1-414E-A4DC-9A44F2101C4D} = {095EB475-D5C1-414E-A4DC-9A44F2101C4D}
	EndProjectSection
EndProject
Project("{8BC9CEB8-8B4A-11D0-8D11-00A0C91BC942}") = "ServiceDataGenerator", "Tool\ServiceDataGenerator\ServiceDataGenerator.vcproj", "{0215579E-9A42-4B6D-8034-6673B7D5A595}"
	ProjectSection(ProjectDependencies) = postProject
		{095EB475-D5C1-414E-A4DC-9A44F2101C4D} = {095EB475-D5C1-414E-A4DC-9A44F2101C4D}
	EndProjectSection
EndProject
Project("{8BC9CEB8-8B4A-11D0-8D11-00A0C91BC942}") = "UpdateService", "Tool\UpdateService\UpdateService.vcproj", "{5E485D32-E895-4BF0-AE65-3C25E610423E}"
	ProjectSection(ProjectDependencies) = postProject
		{095EB475-D5C1-414E-A4DC-9A44F2101C4D} = {095EB475-D5C1-414E-A4DC-9A44F2101C4D}
	EndProjectSection
EndProject
Project("{8BC9CEB8-8B4A-11D0-8D11-00A0C91BC942}") = "ClientInstaller", "Tool\ClientInstaller\ClientInstaller.vcproj", "{0BCE5FC2-79B5-4A5C-931A-002DF2AF45E7}"
	ProjectSection(ProjectDependencies) = postProject
		{095EB475-D5C1-414E-A4DC-9A44F2101C4D} = {095EB475-D5C1-414E-A4DC-9A44F2101C4D}
	EndProjectSection
EndProject
Project("{8BC9CEB8-8B4A-11D0-8D11-00A0C91BC942}") = "WhiteBoardForTest", "Sample\WhiteBoardForTest\WhiteBoardForTest.vcproj", "{0103EE0D-2A7F-45D2-978A-F27076AB5A63}"
	ProjectSection(ProjectDependencies) = postProject
		{095EB475-D5C1-414E-A4DC-9A44F2101C4D} = {095EB475-D5C1-414E-A4DC-9A44F2101C4D}
	EndProjectSection
EndProject
Project("{8BC9CEB8-8B4A-11D0-8D11-00A0C91BC942}") = "MkCodeDefinitionConverter", "Tool\MkCodeDefinitionConverter\MkCodeDefinitionConverter.vcproj", "{F57F046B-907B-41FD-84FC-0ADA44E3B350}"
	ProjectSection(ProjectDependencies) = postProject
		{095EB475-D5C1-414E-A4DC-9A44F2101C4D} = {095EB475-D5C1-414E-A4DC-9A44F2101C4D}
	EndProjectSection
EndProject
Project("{8BC9CEB8-8B4A-11D0-8D11-00A0C91BC942}") = "SimplePatchFileExtractor", "Tool\SimplePatchFileExtractor\SimplePatchFileExtractor.vcproj", "{C71B4964-96C1-4FC5-941B-5943D3FC9EC0}"
	ProjectSection(ProjectDependencies) = postProject
		{095EB475-D5C1-414E-A4DC-9A44F2101C4D} = {095EB475-D5C1-414E-A4DC-9A44F2101C4D}
	EndProjectSection
EndProject
Project("{8BC9CEB8-8B4A-11D0-8D11-00A0C91BC942}") = "CodeSwitchSample", "Sample\CodeSwitchSample\CodeSwitchSample.vcproj", "{BCCC7CE8-600E-4F3D-80B0-72758945BAEC}"
	ProjectSection(ProjectDependencies) = postProject
		{095EB475-D5C1-414E-A4DC-9A44F2101C4D} = {095EB475-D5C1-414E-A4DC-9A44F2101C4D}
	EndProjectSection
EndProject
Project("{8BC9CEB8-8B4A-11D0-8D11-00A0C91BC942}") = "MMD Viewer", "Tool\MMD Viewer\MMD Viewer.vcproj", "{72F0401D-FBA1-4097-8402-8D4FB6D03CB3}"
	ProjectSection(ProjectDependencies) = postProject
		{095EB475-D5C1-414E-A4DC-9A44F2101C4D} = {095EB475-D5C1-414E-A4DC-9A44F2101C4D}
	EndProjectSection
EndProject
Project("{8BC9CEB8-8B4A-11D0-8D11-00A0C91BC942}") = "Collisions", "Sample\MkRender\Collisions\Collisions.vcproj", "{2813832E-235F-4D45-A46F-A6998750E1A0}"
	ProjectSection(ProjectDependencies) = postProject
		{30698B24-B6FC-4B2B-AE5E-EAA17B645DFC} = {30698B24-B6FC-4B2B-AE5E-EAA17B645DFC}
		{095EB475-D5C1-414E-A4DC-9A44F2101C4D} = {095EB475-D5C1-414E-A4DC-9A44F2101C4D}
	EndProjectSection
EndProject
Project("{8BC9CEB8-8B4A-11D0-8D11-00A0C91BC942}") = "SimplePatchSrcRecovery", "Tool\SimplePatchSrcRecovery\SimplePatchSrcRecovery.vcproj", "{AA5852F4-B4B8-4CC5-AF7E-903CBA730223}"
	ProjectSection(ProjectDependencies) = postProject
		{095EB475-D5C1-414E-A4DC-9A44F2101C4D} = {095EB475-D5C1-414E-A4DC-9A44F2101C4D}
	EndProjectSection
EndProject
Project("{8BC9CEB8-8B4A-11D0-8D11-00A0C91BC942}") = "App01", "Application\App01\App01.vcproj", "{41CE083D-F8E9-46C1-BA79-013328B71051}"
	ProjectSection(ProjectDependencies) = postProject
		{30698B24-B6FC-4B2B-AE5E-EAA17B645DFC} = {30698B24-B6FC-4B2B-AE5E-EAA17B645DFC}
		{095EB475-D5C1-414E-A4DC-9A44F2101C4D} = {095EB475-D5C1-414E-A4DC-9A44F2101C4D}
	EndProjectSection
EndProject
Project("{8BC9CEB8-8B4A-11D0-8D11-00A0C91BC942}") = "MII Editor", "Tool\MII Editor\MII Editor.vcproj", "{DDB6FB20-D0DC-4007-AF2D-1C9034A5274C}"
	ProjectSection(ProjectDependencies) = postProject
		{30698B24-B6FC-4B2B-AE5E-EAA17B645DFC} = {30698B24-B6FC-4B2B-AE5E-EAA17B645DFC}
		{095EB475-D5C1-414E-A4DC-9A44F2101C4D} = {095EB475-D5C1-414E-A4DC-9A44F2101C4D}
	EndProjectSection
EndProject
Project("{8BC9CEB8-8B4A-11D0-8D11-00A0C91BC942}") = "MkSound", "Project\MkSound\MkSound.vcproj", "{B9A5CD10-E007-4D82-8CE4-D6BD8110B38B}"
	ProjectSection(ProjectDependencies) = postProject
		{095EB475-D5C1-414E-A4DC-9A44F2101C4D} = {095EB475-D5C1-414E-A4DC-9A44F2101C4D}
	EndProjectSection
EndProject
Project("{8BC9CEB8-8B4A-11D0-8D11-00A0C91BC942}") = "SealPackOperator", "Tool\SealPackOperator\SealPackOperator.vcproj", "{61CB513F-4322-425D-84A1-806C6E7D1E4A}"
	ProjectSection(ProjectDependencies) = postProject
		{095EB475-D5C1-414E-A4DC-9A44F2101C4D} = {095EB475-D5C1-414E-A4DC-9A44F2101C4D}
	EndProjectSection
EndProject
Global
	GlobalSection(SolutionConfigurationPlatforms) = preSolution
		Debug|Win32 = Debug|Win32
		Release|Win32 = Release|Win32
		Shipping|Win32 = Shipping|Win32
	EndGlobalSection
	GlobalSection(ProjectConfigurationPlatforms) = postSolution
		{095EB475-D5C1-414E-A4DC-9A44F2101C4D}.Debug|Win32.ActiveCfg = Debug|Win32
		{095EB475-D5C1-414E-A4DC-9A44F2101C4D}.Debug|Win32.Build.0 = Debug|Win32
		{095EB475-D5C1-414E-A4DC-9A44F2101C4D}.Release|Win32.ActiveCfg = Release|Win32
		{095EB475-D5C1-414E-A4DC-9A44F2101C4D}.Release|Win32.Build.0 = Release|Win32
		{095EB475-D5C1-414E-A4DC-9A44F2101C4D}.Shipping|Win32.ActiveCfg = Shipping|Win32
		{095EB475-D5C1-414E-A4DC-9A44F2101C4D}.Shipping|Win32.Build.0 = Shipping|Win32
		{0B5AA43D-73F6-4144-952D-A791D188BE48}.Debug|Win32.ActiveCfg = Debug|Win32
		{0B5AA43D-73F6-4144-952D-A791D188BE48}.Debug|Win32.Build.0 = Debug|Win32
		{0B5AA43D-73F6-4144-952D-A791D188BE48}.Release|Win32.ActiveCfg = Release|Win32
		{0B5AA43D-73F6-4144-952D-A791D188BE48}.Release|Win32.Build.0 = Release|Win32
		{0B5AA43D-73F6-4144-952D-A791D188BE48}.Shipping|Win32.ActiveCfg = Release|Win32
		{0B5AA43D-73F6-4144-952D-A791D188BE48}.Shipping|Win32.Build.0 = Release|Win32
		{6C91CA08-CB17-4E39-BFB1-69DFB06E46C9}.Debug|Win32.ActiveCfg = Debug|Win32
		{6C91CA08-CB17-4E39-BFB1-69DFB06E46C9}.Debug|Win32.Build.0 = Debug|Win32
		{6C91CA08-CB17-4E39-BFB1-69DFB06E46C9}.Release|Win32.ActiveCfg = Release|Win32
		{6C91CA08-CB17-4E39-BFB1-69DFB06E46C9}.Release|Win32.Build.0 = Release|Win32
		{6C91CA08-CB17-4E39-BFB1-69DFB06E46C9}.Shipping|Win32.ActiveCfg = Shipping|Win32
		{6C91CA08-CB17-4E39-BFB1-69DFB06E46C9}.Shipping|Win32.Build.0 = Shipping|Win32
		{846235E2-BD4C-4DB6-A531-AB2356336A79}.Debug|Win32.ActiveCfg = Debug|Win32
		{846235E2-BD4C-4DB6-A531-AB2356336A79}.Debug|Win32.Build.0 = Debug|Win32
		{846235E2-BD4C-4DB6-A531-AB2356336A79}.Release|Win32.ActiveCfg = Release|Win32
		{846235E2-BD4C-4DB6-A531-AB2356336A79}.Release|Win32.Build.0 = Release|Win32
		{846235E2-BD4C-4DB6-A531-AB2356336A79}.Shipping|Win32.ActiveCfg = Shipping|Win32
		{846235E2-BD4C-4DB6-A531-AB2356336A79}.Shipping|Win32.Build.0 = Shipping|Win32
		{30698B24-B6FC-4B2B-AE5E-EAA17B645DFC}.Debug|Win32.ActiveCfg = Debug|Win32
		{30698B24-B6FC-4B2B-AE5E-EAA17B645DFC}.Debug|Win32.Build.0 = Debug|Win32
		{30698B24-B6FC-4B2B-AE5E-EAA17B645DFC}.Release|Win32.ActiveCfg = Release|Win32
		{30698B24-B6FC-4B2B-AE5E-EAA17B645DFC}.Release|Win32.Build.0 = Release|Win32
		{30698B24-B6FC-4B2B-AE5E-EAA17B645DFC}.Shipping|Win32.ActiveCfg = Shipping|Win32
		{30698B24-B6FC-4B2B-AE5E-EAA17B645DFC}.Shipping|Win32.Build.0 = Shipping|Win32
		{3DD24E4A-467C-4A19-A54A-DBD17E4324A3}.Debug|Win32.ActiveCfg = Debug|Win32
		{3DD24E4A-467C-4A19-A54A-DBD17E4324A3}.Debug|Win32.Build.0 = Debug|Win32
		{3DD24E4A-467C-4A19-A54A-DBD17E4324A3}.Release|Win32.ActiveCfg = Release|Win32
		{3DD24E4A-467C-4A19-A54A-DBD17E4324A3}.Release|Win32.Build.0 = Release|Win32
		{3DD24E4A-467C-4A19-A54A-DBD17E4324A3}.Shipping|Win32.ActiveCfg = Release|Win32
		{3DD24E4A-467C-4A19-A54A-DBD17E4324A3}.Shipping|Win32.Build.0 = Release|Win32
		{7B4C97D5-792E-4709-A738-05E7FAA298D8}.Debug|Win32.ActiveCfg = Debug|Win32
		{7B4C97D5-792E-4709-A738-05E7FAA298D8}.Debug|Win32.Build.0 = Debug|Win32
		{7B4C97D5-792E-4709-A738-05E7FAA298D8}.Release|Win32.ActiveCfg = Release|Win32
		{7B4C97D5-792E-4709-A738-05E7FAA298D8}.Release|Win32.Build.0 = Release|Win32
		{7B4C97D5-792E-4709-A738-05E7FAA298D8}.Shipping|Win32.ActiveCfg = Release|Win32
		{7B4C97D5-792E-4709-A738-05E7FAA298D8}.Shipping|Win32.Build.0 = Release|Win32
		{7FAA0F57-E34D-4509-9DC8-A0D3B1EAC4B6}.Debug|Win32.ActiveCfg = Debug|Win32
		{7FAA0F57-E34D-4509-9DC8-A0D3B1EAC4B6}.Debug|Win32.Build.0 = Debug|Win32
		{7FAA0F57-E34D-4509-9DC8-A0D3B1EAC4B6}.Release|Win32.ActiveCfg = Release|Win32
		{7FAA0F57-E34D-4509-9DC8-A0D3B1EAC4B6}.Release|Win32.Build.0 = Release|Win32
		{7FAA0F57-E34D-4509-9DC8-A0D3B1EAC4B6}.Shipping|Win32.ActiveCfg = Shipping|Win32
		{7FAA0F57-E34D-4509-9DC8-A0D3B1EAC4B6}.Shipping|Win32.Build.0 = Shipping|Win32
		{F60E0E9A-688D-41C8-8AF8-15D5FD9D5969}.Debug|Win32.ActiveCfg = Debug|Win32
		{F60E0E9A-688D-41C8-8AF8-15D5FD9D5969}.Debug|Win32.Build.0 = Debug|Win32
		{F60E0E9A-688D-41C8-8AF8-15D5FD9D5969}.Release|Win32.ActiveCfg = Release|Win32
		{F60E0E9A-688D-41C8-8AF8-15D5FD9D5969}.Release|Win32.Build.0 = Release|Win32
		{F60E0E9A-688D-41C8-8AF8-15D5FD9D5969}.Shipping|Win32.ActiveCfg = Shipping|Win32
		{F60E0E9A-688D-41C8-8AF8-15D5FD9D5969}.Shipping|Win32.Build.0 = Shipping|Win32
		{CFFD2ABB-15C2-47F6-8121-45DEDF6C1D0D}.Debug|Win32.ActiveCfg = Debug|Win32
		{CFFD2ABB-15C2-47F6-8121-45DEDF6C1D0D}.Debug|Win32.Build.0 = Debug|Win32
		{CFFD2ABB-15C2-47F6-8121-45DEDF6C1D0D}.Release|Win32.ActiveCfg = Release|Win32
		{CFFD2ABB-15C2-47F6-8121-45DEDF6C1D0D}.Release|Win32.Build.0 = Release|Win32
		{CFFD2ABB-15C2-47F6-8121-45DEDF6C1D0D}.Shipping|Win32.ActiveCfg = Release|Win32
		{CFFD2ABB-15C2-47F6-8121-45DEDF6C1D0D}.Shipping|Win32.Build.0 = Release|Win32
		{0215579E-9A42-4B6D-8034-6673B7D5A595}.Debug|Win32.ActiveCfg = Debug|Win32
		{0215579E-9A42-4B6D-8034-6673B7D5A595}.Debug|Win32.Build.0 = Debug|Win32
		{0215579E-9A42-4B6D-8034-6673B7D5A595}.Release|Win32.ActiveCfg = Release|Win32
		{0215579E-9A42-4B6D-8034-6673B7D5A595}.Release|Win32.Build.0 = Release|Win32
		{0215579E-9A42-4B6D-8034-6673B7D5A595}.Shipping|Win32.ActiveCfg = Release|Win32
		{0215579E-9A42-4B6D-8034-6673B7D5A595}.Shipping|Win32.Build.0 = Release|Win32
		{5E485D32-E895-4BF0-AE65-3C25E610423E}.Debug|Win32.ActiveCfg = Debug|Win32
		{5E485D32-E895-4BF0-AE65-3C25E610423E}.Debug|Win32.Build.0 = Debug|Win32
		{5E485D32-E895-4BF0-AE65-3C25E610423E}.Release|Win32.ActiveCfg = Release|Win32
		{5E485D32-E895-4BF0-AE65-3C25E610423E}.Release|Win32.Build.0 = Release|Win32
		{5E485D32-E895-4BF0-AE65-3C25E610423E}.Shipping|Win32.ActiveCfg = Release|Win32
		{5E485D32-E895-4BF0-AE65-3C25E610423E}.Shipping|Win32.Build.0 = Release|Win32
		{0BCE5FC2-79B5-4A5C-931A-002DF2AF45E7}.Debug|Win32.ActiveCfg = Debug|Win32
		{0BCE5FC2-79B5-4A5C-931A-002DF2AF45E7}.Debug|Win32.Build.0 = Debug|Win32
		{0BCE5FC2-79B5-4A5C-931A-002DF2AF45E7}.Release|Win32.ActiveCfg = Release|Win32
		{0BCE5FC2-79B5-4A5C-931A-002DF2AF45E7}.Release|Win32.Build.0 = Release|Win32
		{0BCE5FC2-79B5-4A5C-931A-002DF2AF45E7}.Shipping|Win32.ActiveCfg = Release|Win32
		{0BCE5FC2-79B5-4A5C-931A-002DF2AF45E7}.Shipping|Win32.Build.0 = Release|Win32
		{0103EE0D-2A7F-45D2-978A-F27076AB5A63}.Debug|Win32.ActiveCfg = Debug|Win32
		{0103EE0D-2A7F-45D2-978A-F27076AB5A63}.Debug|Win32.Build.0 = Debug|Win32
		{0103EE0D-2A7F-45D2-978A-F27076AB5A63}.Release|Win32.ActiveCfg = Release|Win32
		{0103EE0D-2A7F-45D2-978A-F27076AB5A63}.Release|Win32.Build.0 = Release|Win32
		{0103EE0D-2A7F-45D2-978A-F27076AB5A63}.Shipping|Win32.ActiveCfg = Release|Win32
		{0103EE0D-2A7F-45D2-978A-F27076AB5A63}.Shipping|Win32.Build.0 = Release|Win32
		{F57F046B-907B-41FD-84FC-0ADA44E3B350}.Debug|Win32.ActiveCfg = Debug|Win32
		{F57F046B-907B-41FD-84FC-0ADA44E3B350}.Debug|Win32.Build.0 = Debug|Win32
		{F57F046B-907B-41FD-84FC-0ADA44E3B350}.Release|Win32.ActiveCfg = Release|Win32
		{F57F046B-907B-41FD-84FC-0ADA44E3B350}.Release|Win32.Build.0 = Release|Win32
		{F57F046B-907B-41FD-84FC-0ADA44E3B350}.Shipping|Win32.ActiveCfg = Release|Win32
		{F57F046B-907B-41FD-84FC-0ADA44E3B350}.Shipping|Win32.Build.0 = Release|Win32
		{C71B4964-96C1-4FC5-941B-5943D3FC9EC0}.Debug|Win32.ActiveCfg = Debug|Win32
		{C71B4964-96C1-4FC5-941B-5943D3FC9EC0}.Debug|Win32.Build.0 = Debug|Win32
		{C71B4964-96C1-4FC5-941B-5943D3FC9EC0}.Release|Win32.ActiveCfg = Release|Win32
		{C71B4964-96C1-4FC5-941B-5943D3FC9EC0}.Release|Win32.Build.0 = Release|Win32
		{C71B4964-96C1-4FC5-941B-5943D3FC9EC0}.Shipping|Win32.ActiveCfg = Release|Win32
		{C71B4964-96C1-4FC5-941B-5943D3FC9EC0}.Shipping|Win32.Build.0 = Release|Win32
		{BCCC7CE8-600E-4F3D-80B0-72758945BAEC}.Debug|Win32.ActiveCfg = Debug|Win32
		{BCCC7CE8-600E-4F3D-80B0-72758945BAEC}.Debug|Win32.Build.0 = Debug|Win32
		{BCCC7CE8-600E-4F3D-80B0-72758945BAEC}.Release|Win32.ActiveCfg = Release|Win32
		{BCCC7CE8-600E-4F3D-80B0-72758945BAEC}.Release|Win32.Build.0 = Release|Win32
		{BCCC7CE8-600E-4F3D-80B0-72758945BAEC}.Shipping|Win32.ActiveCfg = Release|Win32
		{BCCC7CE8-600E-4F3D-80B0-72758945BAEC}.Shipping|Win32.Build.0 = Release|Win32
		{72F0401D-FBA1-4097-8402-8D4FB6D03CB3}.Debug|Win32.ActiveCfg = Debug|Win32
		{72F0401D-FBA1-4097-8402-8D4FB6D03CB3}.Debug|Win32.Build.0 = Debug|Win32
		{72F0401D-FBA1-4097-8402-8D4FB6D03CB3}.Release|Win32.ActiveCfg = Release|Win32
		{72F0401D-FBA1-4097-8402-8D4FB6D03CB3}.Release|Win32.Build.0 = Release|Win32
		{72F0401D-FBA1-4097-8402-8D4FB6D03CB3}.Shipping|Win32.ActiveCfg = Release|Win32
		{72F0401D-FBA1-4097-8402-8D4FB6D03CB3}.Shipping|Win32.Build.0 = Release|Win32
		{2813832E-235F-4D45-A46F-A6998750E1A0}.Debug|Win32.ActiveCfg = Debug|Win32
		{2813832E-235F-4D45-A46F-A6998750E1A0}.Debug|Win32.Build.0 = Debug|Win32
		{2813832E-235F-4D45-A46F-A6998750E1A0}.Release|Win32.ActiveCfg = Release|Win32
		{2813832E-235F-4D45-A46F-A6998750E1A0}.Release|Win32.Build.0 = Release|Win32
		{2813832E-235F-4D45-A46F-A6998750E1A0}.Shipping|Win32.ActiveCfg = Release|Win32
		{2813832E-235F-4D45-A46F-A6998750E1A0}.Shipping|Win32.Build.0 = Release|Win32
		{AA5852F4-B4B8-4CC5-AF7E-903CBA730223}.Debug|Win32.ActiveCfg = Debug|Win32
		{AA5852F4-B4B8-4CC5-AF7E-903CBA730223}.Debug|Win32.Build.0 = Debug|Win32
		{AA5852F4-B4B8-4CC5-AF7E-903CBA730223}.Release|Win32.ActiveCfg = Release|Win32
		{AA5852F4-B4B8-4CC5-AF7E-903CBA730223}.Release|Win32.Build.0 = Release|Win32
		{AA5852F4-B4B8-4CC5-AF7E-903CBA730223}.Shipping|Win32.ActiveCfg = Release|Win32
		{AA5852F4-B4B8-4CC5-AF7E-903CBA730223}.Shipping|Win32.Build.0 = Release|Win32
		{41CE083D-F8E9-46C1-BA79-013328B71051}.Debug|Win32.ActiveCfg = Debug|Win32
		{41CE083D-F8E9-46C1-BA79-013328B71051}.Debug|Win32.Build.0 = Debug|Win32
		{41CE083D-F8E9-46C1-BA79-013328B71051}.Release|Win32.ActiveCfg = Release|Win32
		{41CE083D-F8E9-46C1-BA79-013328B71051}.Release|Win32.Build.0 = Release|Win32
		{41CE083D-F8E9-46C1-BA79-013328B71051}.Shipping|Win32.ActiveCfg = Shipping|Win32
		{41CE083D-F8E9-46C1-BA79-013328B71051}.Shipping|Win32.Build.0 = Shipping|Win32
		{DDB6FB20-D0DC-4007-AF2D-1C9034A5274C}.Debug|Win32.ActiveCfg = Debug|Win32
		{DDB6FB20-D0DC-4007-AF2D-1C9034A5274C}.Debug|Win32.Build.0 = Debug|Win32
		{DDB6FB20-D0DC-4007-AF2D-1C9034A5274C}.Release|Win32.ActiveCfg = Release|Win32
		{DDB6FB20-D0DC-4007-AF2D-1C9034A5274C}.Release|Win32.Build.0 = Release|Win32
		{DDB6FB20-D0DC-4007-AF2D-1C9034A5274C}.Shipping|Win32.ActiveCfg = Shipping|Win32
		{DDB6FB20-D0DC-4007-AF2D-1C9034A5274C}.Shipping|Win32.Build.0 = Shipping|Win32
		{B9A5CD10-E007-4D82-8CE4-D6BD8110B38B}.Debug|Win32.ActiveCfg = Debug|Win32
		{B9A5CD10-E007-4D82-8CE4-D6BD8110B38B}.Debug|Win32.Build.0 = Debug|Win32
		{B9A5CD10-E007-4D82-8CE4-D6BD8110B38B}.Release|Win32.ActiveCfg = Release|Win32
		{B9A5CD10-E007-4D82-8CE4-D6BD8110B38B}.Release|Win32.Build.0 = Release|Win32
		{B9A5CD10-E007-4D82-8CE4-D6BD8110B38B}.Shipping|Win32.ActiveCfg = Shipping|Win32
		{B9A5CD10-E007-4D82-8CE4-D6BD8110B38B}.Shipping|Win32.Build.0 = Shipping|Win32
		{61CB513F-4322-425D-84A1-806C6E7D1E4A}.Debug|Win32.ActiveCfg = Debug|Win32
		{61CB513F-4322-425D-84A1-806C6E7D1E4A}.Debug|Win32.Build.0 = Debug|Win32
		{61CB513F-4322-425D-84A1-806C6E7D1E4A}.Release|Win32.ActiveCfg = Release|Win32
		{61CB513F-4322-425D-84A1-806C6E7D1E4A}.Release|Win32.Build.0 = Release|Win32
		{61CB513F-4322-425D-84A1-806C6E7D1E4A}.Shipping|Win32.ActiveCfg = Release|Win32
		{61CB513F-4322-425D-84A1-806C6E7D1E4A}.Shipping|Win32.Build.0 = Release|Win32
	EndGlobalSection
	GlobalSection(SolutionProperties) = preSolution
		HideSolutionNode = FALSE
	EndGlobalSection
EndGlobal
