
Microsoft Visual Studio Solution File, Format Version 10.00
# Visual Studio 2008
Project("{8BC9CEB8-8B4A-11D0-8D11-00A0C91BC942}") = "MkCore", "Project\MkCore\MkCore.vcproj", "{095EB475-D5C1-414E-A4DC-9A44F2101C4D}"
EndProject
Project("{8BC9CEB8-8B4A-11D0-8D11-00A0C91BC942}") = "Test", "Sample\MkRender\Test\Test.vcproj", "{0B5AA43D-73F6-4144-952D-A791D188BE48}"
	ProjectSection(ProjectDependencies) = postProject
		{30698B24-B6FC-4B2B-AE5E-EAA17B645DFC} = {30698B24-B6FC-4B2B-AE5E-EAA17B645DFC}
		{095EB475-D5C1-414E-A4DC-9A44F2101C4D} = {095EB475-D5C1-414E-A4DC-9A44F2101C4D}
	EndProjectSection
EndProject
Project("{8BC9CEB8-8B4A-11D0-8D11-00A0C91BC942}") = "MkDataNodeConverter", "Tool\MkDataNodeConverter\MkDataNodeConverter.vcproj", "{EFE95CDC-8F69-413E-BCA5-6277F375E751}"
	ProjectSection(ProjectDependencies) = postProject
		{095EB475-D5C1-414E-A4DC-9A44F2101C4D} = {095EB475-D5C1-414E-A4DC-9A44F2101C4D}
	EndProjectSection
EndProject
Project("{8BC9CEB8-8B4A-11D0-8D11-00A0C91BC942}") = "MkFilePacker", "Tool\MkFilePacker\MkFilePacker.vcproj", "{6C91CA08-CB17-4E39-BFB1-69DFB06E46C9}"
	ProjectSection(ProjectDependencies) = postProject
		{095EB475-D5C1-414E-A4DC-9A44F2101C4D} = {095EB475-D5C1-414E-A4DC-9A44F2101C4D}
	EndProjectSection
EndProject
Project("{8BC9CEB8-8B4A-11D0-8D11-00A0C91BC942}") = "MkChunkNavigator", "Tool\MkChunkNavigator\MkChunkNavigator.vcproj", "{846235E2-BD4C-4DB6-A531-AB2356336A79}"
	ProjectSection(ProjectDependencies) = postProject
		{095EB475-D5C1-414E-A4DC-9A44F2101C4D} = {095EB475-D5C1-414E-A4DC-9A44F2101C4D}
	EndProjectSection
EndProject
Project("{8BC9CEB8-8B4A-11D0-8D11-00A0C91BC942}") = "MkPanelArt", "Project\MkPanelArt\MkPanelArt.vcproj", "{30698B24-B6FC-4B2B-AE5E-EAA17B645DFC}"
	ProjectSection(ProjectDependencies) = postProject
		{095EB475-D5C1-414E-A4DC-9A44F2101C4D} = {095EB475-D5C1-414E-A4DC-9A44F2101C4D}
	EndProjectSection
EndProject
Project("{8BC9CEB8-8B4A-11D0-8D11-00A0C91BC942}") = "App_02", "Application\App_02\App_02.vcproj", "{A9E30C99-FBDA-4FE8-9B69-C6A9112DF5E7}"
	ProjectSection(ProjectDependencies) = postProject
		{30698B24-B6FC-4B2B-AE5E-EAA17B645DFC} = {30698B24-B6FC-4B2B-AE5E-EAA17B645DFC}
		{095EB475-D5C1-414E-A4DC-9A44F2101C4D} = {095EB475-D5C1-414E-A4DC-9A44F2101C4D}
	EndProjectSection
EndProject
Project("{8BC9CEB8-8B4A-11D0-8D11-00A0C91BC942}") = "RohanSoundClassicToOriginConverter", "Application\RohanSoundClassicToOriginConverter\RohanSoundClassicToOriginConverter.vcproj", "{D913F0EA-9F5C-4BEA-B498-1C36E83C1611}"
	ProjectSection(ProjectDependencies) = postProject
		{095EB475-D5C1-414E-A4DC-9A44F2101C4D} = {095EB475-D5C1-414E-A4DC-9A44F2101C4D}
	EndProjectSection
EndProject
Project("{8BC9CEB8-8B4A-11D0-8D11-00A0C91BC942}") = "FileDiffFinder", "Application\FileDiffFinder\FileDiffFinder.vcproj", "{2FEE82FC-A8F7-4F82-B168-FC5F6AE6BE64}"
	ProjectSection(ProjectDependencies) = postProject
		{095EB475-D5C1-414E-A4DC-9A44F2101C4D} = {095EB475-D5C1-414E-A4DC-9A44F2101C4D}
	EndProjectSection
EndProject
Project("{8BC9CEB8-8B4A-11D0-8D11-00A0C91BC942}") = "SimplePatchFileGenerator", "Tool\SimplePatchFileGenerator\SimplePatchFileGenerator.vcproj", "{3DD24E4A-467C-4A19-A54A-DBD17E4324A3}"
	ProjectSection(ProjectDependencies) = postProject
		{095EB475-D5C1-414E-A4DC-9A44F2101C4D} = {095EB475-D5C1-414E-A4DC-9A44F2101C4D}
	EndProjectSection
EndProject
Project("{8BC9CEB8-8B4A-11D0-8D11-00A0C91BC942}") = "SimpleLauncher", "Tool\SimpleLauncher\SimpleLauncher.vcproj", "{7B4C97D5-792E-4709-A738-05E7FAA298D8}"
	ProjectSection(ProjectDependencies) = postProject
		{095EB475-D5C1-414E-A4DC-9A44F2101C4D} = {095EB475-D5C1-414E-A4DC-9A44F2101C4D}
	EndProjectSection
EndProject
Project("{8BC9CEB8-8B4A-11D0-8D11-00A0C91BC942}") = "Starter", "Tool\Starter\Starter.vcproj", "{7FAA0F57-E34D-4509-9DC8-A0D3B1EAC4B6}"
	ProjectSection(ProjectDependencies) = postProject
		{095EB475-D5C1-414E-A4DC-9A44F2101C4D} = {095EB475-D5C1-414E-A4DC-9A44F2101C4D}
	EndProjectSection
EndProject
Project("{8BC9CEB8-8B4A-11D0-8D11-00A0C91BC942}") = "KuntaraLauncher", "Tool\KuntaraLauncher\KuntaraLauncher.vcproj", "{F60E0E9A-688D-41C8-8AF8-15D5FD9D5969}"
	ProjectSection(ProjectDependencies) = postProject
		{095EB475-D5C1-414E-A4DC-9A44F2101C4D} = {095EB475-D5C1-414E-A4DC-9A44F2101C4D}
	EndProjectSection
EndProject
Project("{8BC9CEB8-8B4A-11D0-8D11-00A0C91BC942}") = "Uninstall", "Tool\Uninstall\Uninstall.vcproj", "{CFFD2ABB-15C2-47F6-8121-45DEDF6C1D0D}"
	ProjectSection(ProjectDependencies) = postProject
		{095EB475-D5C1-414E-A4DC-9A44F2101C4D} = {095EB475-D5C1-414E-A4DC-9A44F2101C4D}
	EndProjectSection
EndProject
Project("{8BC9CEB8-8B4A-11D0-8D11-00A0C91BC942}") = "ServiceDataGenerator", "Tool\ServiceDataGenerator\ServiceDataGenerator.vcproj", "{0215579E-9A42-4B6D-8034-6673B7D5A595}"
	ProjectSection(ProjectDependencies) = postProject
		{095EB475-D5C1-414E-A4DC-9A44F2101C4D} = {095EB475-D5C1-414E-A4DC-9A44F2101C4D}
	EndProjectSection
EndProject
Project("{8BC9CEB8-8B4A-11D0-8D11-00A0C91BC942}") = "UpdateService", "Tool\UpdateService\UpdateService.vcproj", "{5E485D32-E895-4BF0-AE65-3C25E610423E}"
	ProjectSection(ProjectDependencies) = postProject
		{095EB475-D5C1-414E-A4DC-9A44F2101C4D} = {095EB475-D5C1-414E-A4DC-9A44F2101C4D}
	EndProjectSection
EndProject
Project("{8BC9CEB8-8B4A-11D0-8D11-00A0C91BC942}") = "ClientInstaller", "Tool\ClientInstaller\ClientInstaller.vcproj", "{0BCE5FC2-79B5-4A5C-931A-002DF2AF45E7}"
	ProjectSection(ProjectDependencies) = postProject
		{095EB475-D5C1-414E-A4DC-9A44F2101C4D} = {095EB475-D5C1-414E-A4DC-9A44F2101C4D}
	EndProjectSection
EndProject
Project("{8BC9CEB8-8B4A-11D0-8D11-00A0C91BC942}") = "WhiteBoardForTest", "Sample\WhiteBoardForTest\WhiteBoardForTest.vcproj", "{0103EE0D-2A7F-45D2-978A-F27076AB5A63}"
	ProjectSection(ProjectDependencies) = postProject
		{095EB475-D5C1-414E-A4DC-9A44F2101C4D} = {095EB475-D5C1-414E-A4DC-9A44F2101C4D}
	EndProjectSection
EndProject
Project("{8BC9CEB8-8B4A-11D0-8D11-00A0C91BC942}") = "MkCodeDefinitionConverter", "Tool\MkCodeDefinitionConverter\MkCodeDefinitionConverter.vcproj", "{F57F046B-907B-41FD-84FC-0ADA44E3B350}"
	ProjectSection(ProjectDependencies) = postProject
		{095EB475-D5C1-414E-A4DC-9A44F2101C4D} = {095EB475-D5C1-414E-A4DC-9A44F2101C4D}
	EndProjectSection
EndProject
Project("{8BC9CEB8-8B4A-11D0-8D11-00A0C91BC942}") = "SimplePatchFileExtractor", "Tool\SimplePatchFileExtractor\SimplePatchFileExtractor.vcproj", "{C71B4964-96C1-4FC5-941B-5943D3FC9EC0}"
	ProjectSection(ProjectDependencies) = postProject
		{095EB475-D5C1-414E-A4DC-9A44F2101C4D} = {095EB475-D5C1-414E-A4DC-9A44F2101C4D}
	EndProjectSection
EndProject
Global
	GlobalSection(SolutionConfigurationPlatforms) = preSolution
		Debug|Win32 = Debug|Win32
		Release|Win32 = Release|Win32
		Shipping|Win32 = Shipping|Win32
	EndGlobalSection
	GlobalSection(ProjectConfigurationPlatforms) = postSolution
		{095EB475-D5C1-414E-A4DC-9A44F2101C4D}.Debug|Win32.ActiveCfg = Debug|Win32
		{095EB475-D5C1-414E-A4DC-9A44F2101C4D}.Debug|Win32.Build.0 = Debug|Win32
		{095EB475-D5C1-414E-A4DC-9A44F2101C4D}.Release|Win32.ActiveCfg = Release|Win32
		{095EB475-D5C1-414E-A4DC-9A44F2101C4D}.Release|Win32.Build.0 = Release|Win32
		{095EB475-D5C1-414E-A4DC-9A44F2101C4D}.Shipping|Win32.ActiveCfg = Shipping|Win32
		{095EB475-D5C1-414E-A4DC-9A44F2101C4D}.Shipping|Win32.Build.0 = Shipping|Win32
		{0B5AA43D-73F6-4144-952D-A791D188BE48}.Debug|Win32.ActiveCfg = Debug|Win32
		{0B5AA43D-73F6-4144-952D-A791D188BE48}.Debug|Win32.Build.0 = Debug|Win32
		{0B5AA43D-73F6-4144-952D-A791D188BE48}.Release|Win32.ActiveCfg = Release|Win32
		{0B5AA43D-73F6-4144-952D-A791D188BE48}.Release|Win32.Build.0 = Release|Win32
		{0B5AA43D-73F6-4144-952D-A791D188BE48}.Shipping|Win32.ActiveCfg = Release|Win32
		{0B5AA43D-73F6-4144-952D-A791D188BE48}.Shipping|Win32.Build.0 = Release|Win32
		{EFE95CDC-8F69-413E-BCA5-6277F375E751}.Debug|Win32.ActiveCfg = Debug|Win32
		{EFE95CDC-8F69-413E-BCA5-6277F375E751}.Debug|Win32.Build.0 = Debug|Win32
		{EFE95CDC-8F69-413E-BCA5-6277F375E751}.Release|Win32.ActiveCfg = Release|Win32
		{EFE95CDC-8F69-413E-BCA5-6277F375E751}.Release|Win32.Build.0 = Release|Win32
		{EFE95CDC-8F69-413E-BCA5-6277F375E751}.Shipping|Win32.ActiveCfg = Shipping|Win32
		{EFE95CDC-8F69-413E-BCA5-6277F375E751}.Shipping|Win32.Build.0 = Shipping|Win32
		{6C91CA08-CB17-4E39-BFB1-69DFB06E46C9}.Debug|Win32.ActiveCfg = Debug|Win32
		{6C91CA08-CB17-4E39-BFB1-69DFB06E46C9}.Debug|Win32.Build.0 = Debug|Win32
		{6C91CA08-CB17-4E39-BFB1-69DFB06E46C9}.Release|Win32.ActiveCfg = Release|Win32
		{6C91CA08-CB17-4E39-BFB1-69DFB06E46C9}.Release|Win32.Build.0 = Release|Win32
		{6C91CA08-CB17-4E39-BFB1-69DFB06E46C9}.Shipping|Win32.ActiveCfg = Shipping|Win32
		{6C91CA08-CB17-4E39-BFB1-69DFB06E46C9}.Shipping|Win32.Build.0 = Shipping|Win32
		{846235E2-BD4C-4DB6-A531-AB2356336A79}.Debug|Win32.ActiveCfg = Debug|Win32
		{846235E2-BD4C-4DB6-A531-AB2356336A79}.Debug|Win32.Build.0 = Debug|Win32
		{846235E2-BD4C-4DB6-A531-AB2356336A79}.Release|Win32.ActiveCfg = Release|Win32
		{846235E2-BD4C-4DB6-A531-AB2356336A79}.Release|Win32.Build.0 = Release|Win32
		{846235E2-BD4C-4DB6-A531-AB2356336A79}.Shipping|Win32.ActiveCfg = Shipping|Win32
		{846235E2-BD4C-4DB6-A531-AB2356336A79}.Shipping|Win32.Build.0 = Shipping|Win32
		{30698B24-B6FC-4B2B-AE5E-EAA17B645DFC}.Debug|Win32.ActiveCfg = Debug|Win32
		{30698B24-B6FC-4B2B-AE5E-EAA17B645DFC}.Debug|Win32.Build.0 = Debug|Win32
		{30698B24-B6FC-4B2B-AE5E-EAA17B645DFC}.Release|Win32.ActiveCfg = Release|Win32
		{30698B24-B6FC-4B2B-AE5E-EAA17B645DFC}.Release|Win32.Build.0 = Release|Win32
		{30698B24-B6FC-4B2B-AE5E-EAA17B645DFC}.Shipping|Win32.ActiveCfg = Shipping|Win32
		{30698B24-B6FC-4B2B-AE5E-EAA17B645DFC}.Shipping|Win32.Build.0 = Shipping|Win32
		{A9E30C99-FBDA-4FE8-9B69-C6A9112DF5E7}.Debug|Win32.ActiveCfg = Debug|Win32
		{A9E30C99-FBDA-4FE8-9B69-C6A9112DF5E7}.Debug|Win32.Build.0 = Debug|Win32
		{A9E30C99-FBDA-4FE8-9B69-C6A9112DF5E7}.Release|Win32.ActiveCfg = Release|Win32
		{A9E30C99-FBDA-4FE8-9B69-C6A9112DF5E7}.Release|Win32.Build.0 = Release|Win32
		{A9E30C99-FBDA-4FE8-9B69-C6A9112DF5E7}.Shipping|Win32.ActiveCfg = Shipping|Win32
		{A9E30C99-FBDA-4FE8-9B69-C6A9112DF5E7}.Shipping|Win32.Build.0 = Shipping|Win32
		{D913F0EA-9F5C-4BEA-B498-1C36E83C1611}.Debug|Win32.ActiveCfg = Debug|Win32
		{D913F0EA-9F5C-4BEA-B498-1C36E83C1611}.Debug|Win32.Build.0 = Debug|Win32
		{D913F0EA-9F5C-4BEA-B498-1C36E83C1611}.Release|Win32.ActiveCfg = Release|Win32
		{D913F0EA-9F5C-4BEA-B498-1C36E83C1611}.Release|Win32.Build.0 = Release|Win32
		{D913F0EA-9F5C-4BEA-B498-1C36E83C1611}.Shipping|Win32.ActiveCfg = Release|Win32
		{D913F0EA-9F5C-4BEA-B498-1C36E83C1611}.Shipping|Win32.Build.0 = Release|Win32
		{2FEE82FC-A8F7-4F82-B168-FC5F6AE6BE64}.Debug|Win32.ActiveCfg = Debug|Win32
		{2FEE82FC-A8F7-4F82-B168-FC5F6AE6BE64}.Debug|Win32.Build.0 = Debug|Win32
		{2FEE82FC-A8F7-4F82-B168-FC5F6AE6BE64}.Release|Win32.ActiveCfg = Release|Win32
		{2FEE82FC-A8F7-4F82-B168-FC5F6AE6BE64}.Release|Win32.Build.0 = Release|Win32
		{2FEE82FC-A8F7-4F82-B168-FC5F6AE6BE64}.Shipping|Win32.ActiveCfg = Release|Win32
		{2FEE82FC-A8F7-4F82-B168-FC5F6AE6BE64}.Shipping|Win32.Build.0 = Release|Win32
		{3DD24E4A-467C-4A19-A54A-DBD17E4324A3}.Debug|Win32.ActiveCfg = Debug|Win32
		{3DD24E4A-467C-4A19-A54A-DBD17E4324A3}.Debug|Win32.Build.0 = Debug|Win32
		{3DD24E4A-467C-4A19-A54A-DBD17E4324A3}.Release|Win32.ActiveCfg = Release|Win32
		{3DD24E4A-467C-4A19-A54A-DBD17E4324A3}.Release|Win32.Build.0 = Release|Win32
		{3DD24E4A-467C-4A19-A54A-DBD17E4324A3}.Shipping|Win32.ActiveCfg = Release|Win32
		{3DD24E4A-467C-4A19-A54A-DBD17E4324A3}.Shipping|Win32.Build.0 = Release|Win32
		{7B4C97D5-792E-4709-A738-05E7FAA298D8}.Debug|Win32.ActiveCfg = Debug|Win32
		{7B4C97D5-792E-4709-A738-05E7FAA298D8}.Debug|Win32.Build.0 = Debug|Win32
		{7B4C97D5-792E-4709-A738-05E7FAA298D8}.Release|Win32.ActiveCfg = Release|Win32
		{7B4C97D5-792E-4709-A738-05E7FAA298D8}.Release|Win32.Build.0 = Release|Win32
		{7B4C97D5-792E-4709-A738-05E7FAA298D8}.Shipping|Win32.ActiveCfg = Release|Win32
		{7B4C97D5-792E-4709-A738-05E7FAA298D8}.Shipping|Win32.Build.0 = Release|Win32
		{7FAA0F57-E34D-4509-9DC8-A0D3B1EAC4B6}.Debug|Win32.ActiveCfg = Debug|Win32
		{7FAA0F57-E34D-4509-9DC8-A0D3B1EAC4B6}.Debug|Win32.Build.0 = Debug|Win32
		{7FAA0F57-E34D-4509-9DC8-A0D3B1EAC4B6}.Release|Win32.ActiveCfg = Release|Win32
		{7FAA0F57-E34D-4509-9DC8-A0D3B1EAC4B6}.Release|Win32.Build.0 = Release|Win32
		{7FAA0F57-E34D-4509-9DC8-A0D3B1EAC4B6}.Shipping|Win32.ActiveCfg = Shipping|Win32
		{7FAA0F57-E34D-4509-9DC8-A0D3B1EAC4B6}.Shipping|Win32.Build.0 = Shipping|Win32
		{F60E0E9A-688D-41C8-8AF8-15D5FD9D5969}.Debug|Win32.ActiveCfg = Debug|Win32
		{F60E0E9A-688D-41C8-8AF8-15D5FD9D5969}.Debug|Win32.Build.0 = Debug|Win32
		{F60E0E9A-688D-41C8-8AF8-15D5FD9D5969}.Release|Win32.ActiveCfg = Release|Win32
		{F60E0E9A-688D-41C8-8AF8-15D5FD9D5969}.Release|Win32.Build.0 = Release|Win32
		{F60E0E9A-688D-41C8-8AF8-15D5FD9D5969}.Shipping|Win32.ActiveCfg = Shipping|Win32
		{F60E0E9A-688D-41C8-8AF8-15D5FD9D5969}.Shipping|Win32.Build.0 = Shipping|Win32
		{CFFD2ABB-15C2-47F6-8121-45DEDF6C1D0D}.Debug|Win32.ActiveCfg = Debug|Win32
		{CFFD2ABB-15C2-47F6-8121-45DEDF6C1D0D}.Debug|Win32.Build.0 = Debug|Win32
		{CFFD2ABB-15C2-47F6-8121-45DEDF6C1D0D}.Release|Win32.ActiveCfg = Release|Win32
		{CFFD2ABB-15C2-47F6-8121-45DEDF6C1D0D}.Release|Win32.Build.0 = Release|Win32
		{CFFD2ABB-15C2-47F6-8121-45DEDF6C1D0D}.Shipping|Win32.ActiveCfg = Release|Win32
		{CFFD2ABB-15C2-47F6-8121-45DEDF6C1D0D}.Shipping|Win32.Build.0 = Release|Win32
		{0215579E-9A42-4B6D-8034-6673B7D5A595}.Debug|Win32.ActiveCfg = Debug|Win32
		{0215579E-9A42-4B6D-8034-6673B7D5A595}.Debug|Win32.Build.0 = Debug|Win32
		{0215579E-9A42-4B6D-8034-6673B7D5A595}.Release|Win32.ActiveCfg = Release|Win32
		{0215579E-9A42-4B6D-8034-6673B7D5A595}.Release|Win32.Build.0 = Release|Win32
		{0215579E-9A42-4B6D-8034-6673B7D5A595}.Shipping|Win32.ActiveCfg = Release|Win32
		{0215579E-9A42-4B6D-8034-6673B7D5A595}.Shipping|Win32.Build.0 = Release|Win32
		{5E485D32-E895-4BF0-AE65-3C25E610423E}.Debug|Win32.ActiveCfg = Debug|Win32
		{5E485D32-E895-4BF0-AE65-3C25E610423E}.Debug|Win32.Build.0 = Debug|Win32
		{5E485D32-E895-4BF0-AE65-3C25E610423E}.Release|Win32.ActiveCfg = Release|Win32
		{5E485D32-E895-4BF0-AE65-3C25E610423E}.Release|Win32.Build.0 = Release|Win32
		{5E485D32-E895-4BF0-AE65-3C25E610423E}.Shipping|Win32.ActiveCfg = Release|Win32
		{5E485D32-E895-4BF0-AE65-3C25E610423E}.Shipping|Win32.Build.0 = Release|Win32
		{0BCE5FC2-79B5-4A5C-931A-002DF2AF45E7}.Debug|Win32.ActiveCfg = Debug|Win32
		{0BCE5FC2-79B5-4A5C-931A-002DF2AF45E7}.Debug|Win32.Build.0 = Debug|Win32
		{0BCE5FC2-79B5-4A5C-931A-002DF2AF45E7}.Release|Win32.ActiveCfg = Release|Win32
		{0BCE5FC2-79B5-4A5C-931A-002DF2AF45E7}.Release|Win32.Build.0 = Release|Win32
		{0BCE5FC2-79B5-4A5C-931A-002DF2AF45E7}.Shipping|Win32.ActiveCfg = Release|Win32
		{0BCE5FC2-79B5-4A5C-931A-002DF2AF45E7}.Shipping|Win32.Build.0 = Release|Win32
		{0103EE0D-2A7F-45D2-978A-F27076AB5A63}.Debug|Win32.ActiveCfg = Debug|Win32
		{0103EE0D-2A7F-45D2-978A-F27076AB5A63}.Debug|Win32.Build.0 = Debug|Win32
		{0103EE0D-2A7F-45D2-978A-F27076AB5A63}.Release|Win32.ActiveCfg = Release|Win32
		{0103EE0D-2A7F-45D2-978A-F27076AB5A63}.Release|Win32.Build.0 = Release|Win32
		{0103EE0D-2A7F-45D2-978A-F27076AB5A63}.Shipping|Win32.ActiveCfg = Release|Win32
		{0103EE0D-2A7F-45D2-978A-F27076AB5A63}.Shipping|Win32.Build.0 = Release|Win32
		{F57F046B-907B-41FD-84FC-0ADA44E3B350}.Debug|Win32.ActiveCfg = Debug|Win32
		{F57F046B-907B-41FD-84FC-0ADA44E3B350}.Debug|Win32.Build.0 = Debug|Win32
		{F57F046B-907B-41FD-84FC-0ADA44E3B350}.Release|Win32.ActiveCfg = Release|Win32
		{F57F046B-907B-41FD-84FC-0ADA44E3B350}.Release|Win32.Build.0 = Release|Win32
		{F57F046B-907B-41FD-84FC-0ADA44E3B350}.Shipping|Win32.ActiveCfg = Release|Win32
		{F57F046B-907B-41FD-84FC-0ADA44E3B350}.Shipping|Win32.Build.0 = Release|Win32
		{C71B4964-96C1-4FC5-941B-5943D3FC9EC0}.Debug|Win32.ActiveCfg = Debug|Win32
		{C71B4964-96C1-4FC5-941B-5943D3FC9EC0}.Debug|Win32.Build.0 = Debug|Win32
		{C71B4964-96C1-4FC5-941B-5943D3FC9EC0}.Release|Win32.ActiveCfg = Release|Win32
		{C71B4964-96C1-4FC5-941B-5943D3FC9EC0}.Release|Win32.Build.0 = Release|Win32
		{C71B4964-96C1-4FC5-941B-5943D3FC9EC0}.Shipping|Win32.ActiveCfg = Release|Win32
		{C71B4964-96C1-4FC5-941B-5943D3FC9EC0}.Shipping|Win32.Build.0 = Release|Win32
	EndGlobalSection
	GlobalSection(SolutionProperties) = preSolution
		HideSolutionNode = FALSE
	EndGlobalSection
EndGlobal
